
Microsoft Visual Studio Solution File, Format Version 12.00
# Visual Studio Version 17
VisualStudioVersion = 17.3.32825.248
MinimumVisualStudioVersion = 10.0.40219.1
Project("{FAE04EC0-301F-11D3-BF4B-00C04F79EFBC}") = "DNS1", "DNS1\DNS1.csproj", "{94A08847-61BB-4727-BE11-3799332395BB}"
EndProject
Global
	GlobalSection(SolutionConfigurationPlatforms) = preSolution
		Debug|Any CPU = Debug|Any CPU
		Release|Any CPU = Release|Any CPU
	EndGlobalSection
	GlobalSection(ProjectConfigurationPlatforms) = postSolution
		{94A08847-61BB-4727-BE11-3799332395BB}.Debug|Any CPU.ActiveCfg = Debug|Any CPU
		{94A08847-61BB-4727-BE11-3799332395BB}.Debug|Any CPU.Build.0 = Debug|Any CPU
		{94A08847-61BB-4727-BE11-3799332395BB}.Release|Any CPU.ActiveCfg = Release|Any CPU
		{94A08847-61BB-4727-BE11-3799332395BB}.Release|Any CPU.Build.0 = Release|Any CPU
	EndGlobalSection
	GlobalSection(SolutionProperties) = preSolution
		HideSolutionNode = FALSE
	EndGlobalSection
	GlobalSection(ExtensibilityGlobals) = postSolution
		SolutionGuid = {AF4691E8-51C3-410C-9158-D21A978463B8}
	EndGlobalSection
EndGlobal
